
Microsoft Visual Studio Solution File, Format Version 12.00
# Visual Studio Version 16
VisualStudioVersion = 16.0.30523.141
MinimumVisualStudioVersion = 10.0.40219.1
Project("{FAE04EC0-301F-11D3-BF4B-00C04F79EFBC}") = "Task1", "Task1\Task1.csproj", "{F2B98FFE-BF3F-4D93-BE60-6A2F94C3A865}"
EndProject
Global
	GlobalSection(SolutionConfigurationPlatforms) = preSolution
		Debug|Any CPU = Debug|Any CPU
		Release|Any CPU = Release|Any CPU
	EndGlobalSection
	GlobalSection(ProjectConfigurationPlatforms) = postSolution
		{F2B98FFE-BF3F-4D93-BE60-6A2F94C3A865}.Debug|Any CPU.ActiveCfg = Debug|Any CPU
		{F2B98FFE-BF3F-4D93-BE60-6A2F94C3A865}.Debug|Any CPU.Build.0 = Debug|Any CPU
		{F2B98FFE-BF3F-4D93-BE60-6A2F94C3A865}.Release|Any CPU.ActiveCfg = Release|Any CPU
		{F2B98FFE-BF3F-4D93-BE60-6A2F94C3A865}.Release|Any CPU.Build.0 = Release|Any CPU
	EndGlobalSection
	GlobalSection(SolutionProperties) = preSolution
		HideSolutionNode = FALSE
	EndGlobalSection
	GlobalSection(ExtensibilityGlobals) = postSolution
		SolutionGuid = {767A4012-1B85-43AB-AC5B-C2BE10018CD8}
	EndGlobalSection
EndGlobal
